
Microsoft Visual Studio Solution File, Format Version 12.00
# Visual Studio Version 16
VisualStudioVersion = 16.0.33027.164
MinimumVisualStudioVersion = 10.0.40219.1
Project("{FAE04EC0-301F-11D3-BF4B-00C04F79EFBC}") = "PR_15", "PR_15.csproj", "{35CC4F5C-A195-4BFA-B93A-D72EBF4214EA}"
EndProject
Global
	GlobalSection(SolutionConfigurationPlatforms) = preSolution
		Debug|Any CPU = Debug|Any CPU
		Release|Any CPU = Release|Any CPU
	EndGlobalSection
	GlobalSection(ProjectConfigurationPlatforms) = postSolution
		{35CC4F5C-A195-4BFA-B93A-D72EBF4214EA}.Debug|Any CPU.ActiveCfg = Debug|Any CPU
		{35CC4F5C-A195-4BFA-B93A-D72EBF4214EA}.Debug|Any CPU.Build.0 = Debug|Any CPU
		{35CC4F5C-A195-4BFA-B93A-D72EBF4214EA}.Release|Any CPU.ActiveCfg = Release|Any CPU
		{35CC4F5C-A195-4BFA-B93A-D72EBF4214EA}.Release|Any CPU.Build.0 = Release|Any CPU
	EndGlobalSection
	GlobalSection(SolutionProperties) = preSolution
		HideSolutionNode = FALSE
	EndGlobalSection
	GlobalSection(ExtensibilityGlobals) = postSolution
		SolutionGuid = {4CD06D39-A120-4F5F-8EE1-0C0F462E1E5A}
	EndGlobalSection
EndGlobal
